// !$*UTF8*$!
{
	archiveVersion = 1;
	classes = {
	};
	objectVersion = 46;
	objects = {

/* Begin PBXBuildFile section */
		0420ED531DBF61F500E0A502 /* CRMPageNumberView.m in Sources */ = {isa = PBXBuildFile; fileRef = 0420ED521DBF61F500E0A502 /* CRMPageNumberView.m */; };
		04D849641D3632AB00DA3D0C /* main.m in Sources */ = {isa = PBXBuildFile; fileRef = 04D849631D3632AB00DA3D0C /* main.m */; };
		04D849671D3632AB00DA3D0C /* AppDelegate.m in Sources */ = {isa = PBXBuildFile; fileRef = 04D849661D3632AB00DA3D0C /* AppDelegate.m */; };
		04D8496D1D3632AB00DA3D0C /* Main.storyboard in Resources */ = {isa = PBXBuildFile; fileRef = 04D8496B1D3632AB00DA3D0C /* Main.storyboard */; };
		04D8496F1D3632AB00DA3D0C /* Assets.xcassets in Resources */ = {isa = PBXBuildFile; fileRef = 04D8496E1D3632AB00DA3D0C /* Assets.xcassets */; };
		04D849721D3632AB00DA3D0C /* LaunchScreen.storyboard in Resources */ = {isa = PBXBuildFile; fileRef = 04D849701D3632AB00DA3D0C /* LaunchScreen.storyboard */; };
		04D8497B1D36348900DA3D0C /* CustomTableViewController.m in Sources */ = {isa = PBXBuildFile; fileRef = 04D8497A1D36348900DA3D0C /* CustomTableViewController.m */; };
/* End PBXBuildFile section */

/* Begin PBXFileReference section */
		0420ED511DBF61F500E0A502 /* CRMPageNumberView.h */ = {isa = PBXFileReference; fileEncoding = 4; lastKnownFileType = sourcecode.c.h; path = CRMPageNumberView.h; sourceTree = "<group>"; };
		0420ED521DBF61F500E0A502 /* CRMPageNumberView.m */ = {isa = PBXFileReference; fileEncoding = 4; lastKnownFileType = sourcecode.c.objc; path = CRMPageNumberView.m; sourceTree = "<group>"; };
		04D8495F1D3632AB00DA3D0C /* RefreshTable.app */ = {isa = PBXFileReference; explicitFileType = wrapper.application; includeInIndex = 0; path = RefreshTable.app; sourceTree = BUILT_PRODUCTS_DIR; };
		04D849631D3632AB00DA3D0C /* main.m */ = {isa = PBXFileReference; lastKnownFileType = sourcecode.c.objc; path = main.m; sourceTree = "<group>"; };
		04D849651D3632AB00DA3D0C /* AppDelegate.h */ = {isa = PBXFileReference; lastKnownFileType = sourcecode.c.h; path = AppDelegate.h; sourceTree = "<group>"; };
		04D849661D3632AB00DA3D0C /* AppDelegate.m */ = {isa = PBXFileReference; lastKnownFileType = sourcecode.c.objc; path = AppDelegate.m; sourceTree = "<group>"; };
		04D8496C1D3632AB00DA3D0C /* Base */ = {isa = PBXFileReference; lastKnownFileType = file.storyboard; name = Base; path = Base.lproj/Main.storyboard; sourceTree = "<group>"; };
		04D8496E1D3632AB00DA3D0C /* Assets.xcassets */ = {isa = PBXFileReference; lastKnownFileType = folder.assetcatalog; path = Assets.xcassets; sourceTree = "<group>"; };
		04D849711D3632AB00DA3D0C /* Base */ = {isa = PBXFileReference; lastKnownFileType = file.storyboard; name = Base; path = Base.lproj/LaunchScreen.storyboard; sourceTree = "<group>"; };
		04D849731D3632AB00DA3D0C /* Info.plist */ = {isa = PBXFileReference; lastKnownFileType = text.plist.xml; path = Info.plist; sourceTree = "<group>"; };
		04D849791D36348900DA3D0C /* CustomTableViewController.h */ = {isa = PBXFileReference; fileEncoding = 4; lastKnownFileType = sourcecode.c.h; path = CustomTableViewController.h; sourceTree = "<group>"; };
		04D8497A1D36348900DA3D0C /* CustomTableViewController.m */ = {isa = PBXFileReference; fileEncoding = 4; lastKnownFileType = sourcecode.c.objc; path = CustomTableViewController.m; sourceTree = "<group>"; };
/* End PBXFileReference section */

/* Begin PBXFrameworksBuildPhase section */
		04D8495C1D3632AB00DA3D0C /* Frameworks */ = {
			isa = PBXFrameworksBuildPhase;
			buildActionMask = 2147483647;
			files = (
			);
			runOnlyForDeploymentPostprocessing = 0;
		};
/* End PBXFrameworksBuildPhase section */

/* Begin PBXGroup section */
		0420ED501DBF61F500E0A502 /* Tool */ = {
			isa = PBXGroup;
			children = (
				0420ED511DBF61F500E0A502 /* CRMPageNumberView.h */,
				0420ED521DBF61F500E0A502 /* CRMPageNumberView.m */,
			);
			path = Tool;
			sourceTree = "<group>";
		};
		04D849561D3632AB00DA3D0C = {
			isa = PBXGroup;
			children = (
				04D849611D3632AB00DA3D0C /* RefreshTable */,
				04D849601D3632AB00DA3D0C /* Products */,
			);
			sourceTree = "<group>";
		};
		04D849601D3632AB00DA3D0C /* Products */ = {
			isa = PBXGroup;
			children = (
				04D8495F1D3632AB00DA3D0C /* RefreshTable.app */,
			);
			name = Products;
			sourceTree = "<group>";
		};
		04D849611D3632AB00DA3D0C /* RefreshTable */ = {
			isa = PBXGroup;
			children = (
				0420ED501DBF61F500E0A502 /* Tool */,
				04D849651D3632AB00DA3D0C /* AppDelegate.h */,
				04D849661D3632AB00DA3D0C /* AppDelegate.m */,
				04D849791D36348900DA3D0C /* CustomTableViewController.h */,
				04D8497A1D36348900DA3D0C /* CustomTableViewController.m */,
				04D8496B1D3632AB00DA3D0C /* Main.storyboard */,
				04D8496E1D3632AB00DA3D0C /* Assets.xcassets */,
				04D849701D3632AB00DA3D0C /* LaunchScreen.storyboard */,
				04D849731D3632AB00DA3D0C /* Info.plist */,
				04D849621D3632AB00DA3D0C /* Supporting Files */,
			);
			path = RefreshTable;
			sourceTree = "<group>";
		};
		04D849621D3632AB00DA3D0C /* Supporting Files */ = {
			isa = PBXGroup;
			children = (
				04D849631D3632AB00DA3D0C /* main.m */,
			);
			name = "Supporting Files";
			sourceTree = "<group>";
		};
/* End PBXGroup section */

/* Begin PBXNativeTarget section */
		04D8495E1D3632AB00DA3D0C /* RefreshTable */ = {
			isa = PBXNativeTarget;
			buildConfigurationList = 04D849761D3632AB00DA3D0C /* Build configuration list for PBXNativeTarget "RefreshTable" */;
			buildPhases = (
				04D8495B1D3632AB00DA3D0C /* Sources */,
				04D8495C1D3632AB00DA3D0C /* Frameworks */,
				04D8495D1D3632AB00DA3D0C /* Resources */,
			);
			buildRules = (
			);
			dependencies = (
			);
			name = RefreshTable;
			productName = RefreshTable;
			productReference = 04D8495F1D3632AB00DA3D0C /* RefreshTable.app */;
			productType = "com.apple.product-type.application";
		};
/* End PBXNativeTarget section */

/* Begin PBXProject section */
		04D849571D3632AB00DA3D0C /* Project object */ = {
			isa = PBXProject;
			attributes = {
				LastUpgradeCheck = 0730;
				ORGANIZATIONNAME = zhangjunli;
				TargetAttributes = {
					04D8495E1D3632AB00DA3D0C = {
						CreatedOnToolsVersion = 7.3.1;
						DevelopmentTeam = ACU3LRG797;
					};
				};
			};
			buildConfigurationList = 04D8495A1D3632AB00DA3D0C /* Build configuration list for PBXProject "RefreshTable" */;
			compatibilityVersion = "Xcode 3.2";
			developmentRegion = English;
			hasScannedForEncodings = 0;
			knownRegions = (
				en,
				Base,
			);
			mainGroup = 04D849561D3632AB00DA3D0C;
			productRefGroup = 04D849601D3632AB00DA3D0C /* Products */;
			projectDirPath = "";
			projectRoot = "";
			targets = (
				04D8495E1D3632AB00DA3D0C /* RefreshTable */,
			);
		};
/* End PBXProject section */

/* Begin PBXResourcesBuildPhase section */
		04D8495D1D3632AB00DA3D0C /* Resources */ = {
			isa = PBXResourcesBuildPhase;
			buildActionMask = 2147483647;
			files = (
				04D849721D3632AB00DA3D0C /* LaunchScreen.storyboard in Resources */,
				04D8496F1D3632AB00DA3D0C /* Assets.xcassets in Resources */,
				04D8496D1D3632AB00DA3D0C /* Main.storyboard in Resources */,
			);
			runOnlyForDeploymentPostprocessing = 0;
		};
/* End PBXResourcesBuildPhase section */

/* Begin PBXSourcesBuildPhase section */
		04D8495B1D3632AB00DA3D0C /* Sources */ = {
			isa = PBXSourcesBuildPhase;
			buildActionMask = 2147483647;
			files = (
				04D8497B1D36348900DA3D0C /* CustomTableViewController.m in Sources */,
				0420ED531DBF61F500E0A502 /* CRMPageNumberView.m in Sources */,
				04D849671D3632AB00DA3D0C /* AppDelegate.m in Sources */,
				04D849641D3632AB00DA3D0C /* main.m in Sources */,
			);
			runOnlyForDeploymentPostprocessing = 0;
		};
/* End PBXSourcesBuildPhase section */

/* Begin PBXVariantGroup section */
		04D8496B1D3632AB00DA3D0C /* Main.storyboard */ = {
			isa = PBXVariantGroup;
			children = (
				04D8496C1D3632AB00DA3D0C /* Base */,
			);
			name = Main.storyboard;
			sourceTree = "<group>";
		};
		04D849701D3632AB00DA3D0C /* LaunchScreen.storyboard */ = {
			isa = PBXVariantGroup;
			children = (
				04D849711D3632AB00DA3D0C /* Base */,
			);
			name = LaunchScreen.storyboard;
			sourceTree = "<group>";
		};
/* End PBXVariantGroup section */

/* Begin XCBuildConfiguration section */
		04D849741D3632AB00DA3D0C /* Debug */ = {
			isa = XCBuildConfiguration;
			buildSettings = {
				ALWAYS_SEARCH_USER_PATHS = NO;
				CLANG_ANALYZER_NONNULL = YES;
				CLANG_CXX_LANGUAGE_STANDARD = "gnu++0x";
				CLANG_CXX_LIBRARY = "libc++";
				CLANG_ENABLE_MODULES = YES;
				CLANG_ENABLE_OBJC_ARC = YES;
				CLANG_WARN_BOOL_CONVERSION = YES;
				CLANG_WARN_CONSTANT_CONVERSION = YES;
				CLANG_WARN_DIRECT_OBJC_ISA_USAGE = YES_ERROR;
				CLANG_WARN_EMPTY_BODY = YES;
				CLANG_WARN_ENUM_CONVERSION = YES;
				CLANG_WARN_INT_CONVERSION = YES;
				CLANG_WARN_OBJC_ROOT_CLASS = YES_ERROR;
				CLANG_WARN_UNREACHABLE_CODE = YES;
				CLANG_WARN__DUPLICATE_METHOD_MATCH = YES;
				"CODE_SIGN_IDENTITY[sdk=iphoneos*]" = "iPhone Developer";
				COPY_PHASE_STRIP = NO;
				DEBUG_INFORMATION_FORMAT = dwarf;
				ENABLE_STRICT_OBJC_MSGSEND = YES;
				ENABLE_TESTABILITY = YES;
				GCC_C_LANGUAGE_STANDARD = gnu99;
				GCC_DYNAMIC_NO_PIC = NO;
				GCC_NO_COMMON_BLOCKS = YES;
				GCC_OPTIMIZATION_LEVEL = 0;
				GCC_PREPROCESSOR_DEFINITIONS = (
					"DEBUG=1",
					"$(inherited)",
				);
				GCC_WARN_64_TO_32_BIT_CONVERSION = YES;
				GCC_WARN_ABOUT_RETURN_TYPE = YES_ERROR;
				GCC_WARN_UNDECLARED_SELECTOR = YES;
				GCC_WARN_UNINITIALIZED_AUTOS = YES_AGGRESSIVE;
				GCC_WARN_UNUSED_FUNCTION = YES;
				GCC_WARN_UNUSED_VARIABLE = YES;
				IPHONEOS_DEPLOYMENT_TARGET = 9.3;
				MTL_ENABLE_DEBUG_INFO = YES;
				ONLY_ACTIVE_ARCH = YES;
				SDKROOT = iphoneos;
			};
			name = Debug;
		};
		04D849751D3632AB00DA3D0C /* Release */ = {
			isa = XCBuildConfiguration;
			buildSettings = {
				ALWAYS_SEARCH_USER_PATHS = NO;
				CLANG_ANALYZER_NONNULL = YES;
				CLANG_CXX_LANGUAGE_STANDARD = "gnu++0x";
				CLANG_CXX_LIBRARY = "libc++";
				CLANG_ENABLE_MODULES = YES;
				CLANG_ENABLE_OBJC_ARC = YES;
				CLANG_WARN_BOOL_CONVERSION = YES;
				CLANG_WARN_CONSTANT_CONVERSION = YES;
				CLANG_WARN_DIRECT_OBJC_ISA_USAGE = YES_ERROR;
				CLANG_WARN_EMPTY_BODY = YES;
				CLANG_WARN_ENUM_CONVERSION = YES;
				CLANG_WARN_INT_CONVERSION = YES;
				CLANG_WARN_OBJC_ROOT_CLASS = YES_ERROR;
				CLANG_WARN_UNREACHABLE_CODE = YES;
				CLANG_WARN__DUPLICATE_METHOD_MATCH = YES;
				"CODE_SIGN_IDENTITY[sdk=iphoneos*]" = "iPhone Developer";
				COPY_PHASE_STRIP = NO;
				DEBUG_INFORMATION_FORMAT = "dwarf-with-dsym";
				ENABLE_NS_ASSERTIONS = NO;
				ENABLE_STRICT_OBJC_MSGSEND = YES;
				GCC_C_LANGUAGE_STANDARD = gnu99;
				GCC_NO_COMMON_BLOCKS = YES;
				GCC_WARN_64_TO_32_BIT_CONVERSION = YES;
				GCC_WARN_ABOUT_RETURN_TYPE = YES_ERROR;
				GCC_WARN_UNDECLARED_SELECTOR = YES;
				GCC_WARN_UNINITIALIZED_AUTOS = YES_AGGRESSIVE;
				GCC_WARN_UNUSED_FUNCTION = YES;
				GCC_WARN_UNUSED_VARIABLE = YES;
				IPHONEOS_DEPLOYMENT_TARGET = 9.3;
				MTL_ENABLE_DEBUG_INFO = NO;
				SDKROOT = iphoneos;
				VALIDATE_PRODUCT = YES;
			};
			name = Release;
		};
		04D849771D3632AB00DA3D0C /* Debug */ = {
			isa = XCBuildConfiguration;
			buildSettings = {
				ASSETCATALOG_COMPILER_APPICON_NAME = AppIcon;
				INFOPLIST_FILE = RefreshTable/Info.plist;
				IPHONEOS_DEPLOYMENT_TARGET = 9.3;
				LD_RUNPATH_SEARCH_PATHS = "$(inherited) @executable_path/Frameworks";
				PRODUCT_BUNDLE_IDENTIFIER = zh.RefreshTable;
				PRODUCT_NAME = "$(TARGET_NAME)";
			};
			name = Debug;
		};
		04D849781D3632AB00DA3D0C /* Release */ = {
			isa = XCBuildConfiguration;
			buildSettings = {
				ASSETCATALOG_COMPILER_APPICON_NAME = AppIcon;
				INFOPLIST_FILE = RefreshTable/Info.plist;
				IPHONEOS_DEPLOYMENT_TARGET = 9.3;
				LD_RUNPATH_SEARCH_PATHS = "$(inherited) @executable_path/Frameworks";
				PRODUCT_BUNDLE_IDENTIFIER = zh.RefreshTable;
				PRODUCT_NAME = "$(TARGET_NAME)";
			};
			name = Release;
		};
/* End XCBuildConfiguration section */

/* Begin XCConfigurationList section */
		04D8495A1D3632AB00DA3D0C /* Build configuration list for PBXProject "RefreshTable" */ = {
			isa = XCConfigurationList;
			buildConfigurations = (
				04D849741D3632AB00DA3D0C /* Debug */,
				04D849751D3632AB00DA3D0C /* Release */,
			);
			defaultConfigurationIsVisible = 0;
			defaultConfigurationName = Release;
		};
		04D849761D3632AB00DA3D0C /* Build configuration list for PBXNativeTarget "RefreshTable" */ = {
			isa = XCConfigurationList;
			buildConfigurations = (
				04D849771D3632AB00DA3D0C /* Debug */,
				04D849781D3632AB00DA3D0C /* Release */,
			);
			defaultConfigurationIsVisible = 0;
			defaultConfigurationName = Release;
		};
/* End XCConfigurationList section */
	};
	rootObject = 04D849571D3632AB00DA3D0C /* Project object */;
}
